
Microsoft Visual Studio Solution File, Format Version 9.00
# Visual Studio 2005
Project("{8BC9CEB8-8B4A-11D0-8D11-00A0C91BC942}") = "boostdsk", "boostdsk.vcproj", "{78156172-FDD7-49E9-88D0-93CEB8021A37}"
EndProject
Global
	GlobalSection(SolutionConfigurationPlatforms) = preSolution
		Debug|Win32 = Debug|Win32
		Release|Win32 = Release|Win32
	EndGlobalSection
	GlobalSection(ProjectConfigurationPlatforms) = postSolution
		{78156172-FDD7-49E9-88D0-93CEB8021A37}.Debug|Win32.ActiveCfg = Debug|Win32
		{78156172-FDD7-49E9-88D0-93CEB8021A37}.Debug|Win32.Build.0 = Debug|Win32
		{78156172-FDD7-49E9-88D0-93CEB8021A37}.Release|Win32.ActiveCfg = Release|Win32
		{78156172-FDD7-49E9-88D0-93CEB8021A37}.Release|Win32.Build.0 = Release|Win32
	EndGlobalSection
	GlobalSection(SolutionProperties) = preSolution
		HideSolutionNode = FALSE
	EndGlobalSection
EndGlobal
